
Microsoft Visual Studio Solution File, Format Version 12.00
# Visual Studio Version 16
VisualStudioVersion = 16.0.30011.22
MinimumVisualStudioVersion = 10.0.40219.1
Project("{2150E333-8FDC-42A3-9474-1A3956D46DE8}") = "src", "src", "{E0340CCF-FDA4-4588-93B3-B5E9D020A4D4}"
EndProject
Project("{2150E333-8FDC-42A3-9474-1A3956D46DE8}") = "Building Blocks", "Building Blocks", "{E0387A7E-A41E-4327-9D3F-2E047DA001B4}"
EndProject
Project("{2150E333-8FDC-42A3-9474-1A3956D46DE8}") = "Services", "Services", "{AA008A89-903D-4A90-AF36-2344AEF07386}"
EndProject
Project("{2150E333-8FDC-42A3-9474-1A3956D46DE8}") = "Web", "Web", "{B01EFFF0-9749-4DD2-A129-EFCF9B367830}"
EndProject
Project("{2150E333-8FDC-42A3-9474-1A3956D46DE8}") = "Identidade", "Identidade", "{1ABAE836-362D-44E4-B54A-89B24F7AD7F4}"
EndProject
Project("{9A19103F-16F7-4668-BE54-9A1E7A4F7556}") = "NSE.Identidade.API", "src\services\NSE.Identidade.API\NSE.Identidade.API.csproj", "{A1AAA860-D228-4CBB-A5FE-AEEE8456FD92}"
EndProject
Project("{2150E333-8FDC-42A3-9474-1A3956D46DE8}") = "MVC", "MVC", "{A86224FA-374F-4F5B-8049-DD638B2A14EF}"
EndProject
Project("{2150E333-8FDC-42A3-9474-1A3956D46DE8}") = "Core", "Core", "{73A8BB86-4B67-4A8B-84A3-E8209FF36FAF}"
EndProject
Project("{9A19103F-16F7-4668-BE54-9A1E7A4F7556}") = "NSE.WebApp.MVC", "src\web\NSE.WebApp.MVC\NSE.WebApp.MVC.csproj", "{55BB6C75-96AA-4CA7-B9F0-337B89F95023}"
EndProject
Project("{9A19103F-16F7-4668-BE54-9A1E7A4F7556}") = "NSE.Core", "src\building blocks\NSE.Core\NSE.Core.csproj", "{656B7446-317C-4C51-AB5A-A51618D97BC1}"
EndProject
Project("{2150E333-8FDC-42A3-9474-1A3956D46DE8}") = "Carrinho", "Carrinho", "{1E99015F-5B5F-472C-B4D1-C1CA11FD40A3}"
EndProject
Project("{9A19103F-16F7-4668-BE54-9A1E7A4F7556}") = "NFSE.Carrinho.API", "src\services\NFSE.Carrinho.API\NFSE.Carrinho.API.csproj", "{4052F96C-7988-44CB-A0CA-3979F44AF59E}"
EndProject
Project("{2150E333-8FDC-42A3-9474-1A3956D46DE8}") = "Catalogo", "Catalogo", "{E51CD871-0B5A-4466-894F-E773B6B210C4}"
EndProject
Project("{9A19103F-16F7-4668-BE54-9A1E7A4F7556}") = "NSE.Catalogo.API", "src\services\NSE.Catalogo.API\NSE.Catalogo.API.csproj", "{E033BEA9-3D4F-448F-8760-51B6D4D8C627}"
EndProject
Project("{2150E333-8FDC-42A3-9474-1A3956D46DE8}") = "Cliente", "Cliente", "{673FFF48-E677-4D95-BE8F-826BACA72011}"
EndProject
Project("{9A19103F-16F7-4668-BE54-9A1E7A4F7556}") = "NSE.Cliente.API", "src\services\NSE.Cliente.API\NSE.Cliente.API.csproj", "{04C2FEBF-6D62-49E0-B966-438511DA37D7}"
EndProject
Project("{2150E333-8FDC-42A3-9474-1A3956D46DE8}") = "Pagamento", "Pagamento", "{7898A7E7-F947-4C7C-9B57-5C28BC9FA56D}"
EndProject
Project("{9A19103F-16F7-4668-BE54-9A1E7A4F7556}") = "NSE.Pagamento.API", "src\services\NSE.Pagamento.API\NSE.Pagamento.API.csproj", "{FD547404-C7B5-4A79-A658-589264810E41}"
EndProject
Project("{2150E333-8FDC-42A3-9474-1A3956D46DE8}") = "Pedido", "Pedido", "{0ABCF3B9-D33D-4676-BBB0-4A9611892165}"
EndProject
Project("{9A19103F-16F7-4668-BE54-9A1E7A4F7556}") = "NSE.Pedido.API", "src\services\NSE.Pedido.API\NSE.Pedido.API.csproj", "{7200A798-DCE3-4A0A-B685-93649C27129E}"
EndProject
Project("{2150E333-8FDC-42A3-9474-1A3956D46DE8}") = "Solution Items", "Solution Items", "{5902D961-16BA-4F30-BC5F-3569C7B8C376}"
EndProject
Global
	GlobalSection(SolutionConfigurationPlatforms) = preSolution
		Debug|Any CPU = Debug|Any CPU
		Release|Any CPU = Release|Any CPU
	EndGlobalSection
	GlobalSection(ProjectConfigurationPlatforms) = postSolution
		{A1AAA860-D228-4CBB-A5FE-AEEE8456FD92}.Debug|Any CPU.ActiveCfg = Debug|Any CPU
		{A1AAA860-D228-4CBB-A5FE-AEEE8456FD92}.Debug|Any CPU.Build.0 = Debug|Any CPU
		{A1AAA860-D228-4CBB-A5FE-AEEE8456FD92}.Release|Any CPU.ActiveCfg = Release|Any CPU
		{A1AAA860-D228-4CBB-A5FE-AEEE8456FD92}.Release|Any CPU.Build.0 = Release|Any CPU
		{55BB6C75-96AA-4CA7-B9F0-337B89F95023}.Debug|Any CPU.ActiveCfg = Debug|Any CPU
		{55BB6C75-96AA-4CA7-B9F0-337B89F95023}.Debug|Any CPU.Build.0 = Debug|Any CPU
		{55BB6C75-96AA-4CA7-B9F0-337B89F95023}.Release|Any CPU.ActiveCfg = Release|Any CPU
		{55BB6C75-96AA-4CA7-B9F0-337B89F95023}.Release|Any CPU.Build.0 = Release|Any CPU
		{656B7446-317C-4C51-AB5A-A51618D97BC1}.Debug|Any CPU.ActiveCfg = Debug|Any CPU
		{656B7446-317C-4C51-AB5A-A51618D97BC1}.Debug|Any CPU.Build.0 = Debug|Any CPU
		{656B7446-317C-4C51-AB5A-A51618D97BC1}.Release|Any CPU.ActiveCfg = Release|Any CPU
		{656B7446-317C-4C51-AB5A-A51618D97BC1}.Release|Any CPU.Build.0 = Release|Any CPU
		{4052F96C-7988-44CB-A0CA-3979F44AF59E}.Debug|Any CPU.ActiveCfg = Debug|Any CPU
		{4052F96C-7988-44CB-A0CA-3979F44AF59E}.Debug|Any CPU.Build.0 = Debug|Any CPU
		{4052F96C-7988-44CB-A0CA-3979F44AF59E}.Release|Any CPU.ActiveCfg = Release|Any CPU
		{4052F96C-7988-44CB-A0CA-3979F44AF59E}.Release|Any CPU.Build.0 = Release|Any CPU
		{E033BEA9-3D4F-448F-8760-51B6D4D8C627}.Debug|Any CPU.ActiveCfg = Debug|Any CPU
		{E033BEA9-3D4F-448F-8760-51B6D4D8C627}.Debug|Any CPU.Build.0 = Debug|Any CPU
		{E033BEA9-3D4F-448F-8760-51B6D4D8C627}.Release|Any CPU.ActiveCfg = Release|Any CPU
		{E033BEA9-3D4F-448F-8760-51B6D4D8C627}.Release|Any CPU.Build.0 = Release|Any CPU
		{04C2FEBF-6D62-49E0-B966-438511DA37D7}.Debug|Any CPU.ActiveCfg = Debug|Any CPU
		{04C2FEBF-6D62-49E0-B966-438511DA37D7}.Debug|Any CPU.Build.0 = Debug|Any CPU
		{04C2FEBF-6D62-49E0-B966-438511DA37D7}.Release|Any CPU.ActiveCfg = Release|Any CPU
		{04C2FEBF-6D62-49E0-B966-438511DA37D7}.Release|Any CPU.Build.0 = Release|Any CPU
		{FD547404-C7B5-4A79-A658-589264810E41}.Debug|Any CPU.ActiveCfg = Debug|Any CPU
		{FD547404-C7B5-4A79-A658-589264810E41}.Debug|Any CPU.Build.0 = Debug|Any CPU
		{FD547404-C7B5-4A79-A658-589264810E41}.Release|Any CPU.ActiveCfg = Release|Any CPU
		{FD547404-C7B5-4A79-A658-589264810E41}.Release|Any CPU.Build.0 = Release|Any CPU
		{7200A798-DCE3-4A0A-B685-93649C27129E}.Debug|Any CPU.ActiveCfg = Debug|Any CPU
		{7200A798-DCE3-4A0A-B685-93649C27129E}.Debug|Any CPU.Build.0 = Debug|Any CPU
		{7200A798-DCE3-4A0A-B685-93649C27129E}.Release|Any CPU.ActiveCfg = Release|Any CPU
		{7200A798-DCE3-4A0A-B685-93649C27129E}.Release|Any CPU.Build.0 = Release|Any CPU
	EndGlobalSection
	GlobalSection(SolutionProperties) = preSolution
		HideSolutionNode = FALSE
	EndGlobalSection
	GlobalSection(NestedProjects) = preSolution
		{E0387A7E-A41E-4327-9D3F-2E047DA001B4} = {E0340CCF-FDA4-4588-93B3-B5E9D020A4D4}
		{AA008A89-903D-4A90-AF36-2344AEF07386} = {E0340CCF-FDA4-4588-93B3-B5E9D020A4D4}
		{B01EFFF0-9749-4DD2-A129-EFCF9B367830} = {E0340CCF-FDA4-4588-93B3-B5E9D020A4D4}
		{1ABAE836-362D-44E4-B54A-89B24F7AD7F4} = {AA008A89-903D-4A90-AF36-2344AEF07386}
		{A1AAA860-D228-4CBB-A5FE-AEEE8456FD92} = {1ABAE836-362D-44E4-B54A-89B24F7AD7F4}
		{A86224FA-374F-4F5B-8049-DD638B2A14EF} = {B01EFFF0-9749-4DD2-A129-EFCF9B367830}
		{73A8BB86-4B67-4A8B-84A3-E8209FF36FAF} = {E0387A7E-A41E-4327-9D3F-2E047DA001B4}
		{55BB6C75-96AA-4CA7-B9F0-337B89F95023} = {A86224FA-374F-4F5B-8049-DD638B2A14EF}
		{656B7446-317C-4C51-AB5A-A51618D97BC1} = {73A8BB86-4B67-4A8B-84A3-E8209FF36FAF}
		{1E99015F-5B5F-472C-B4D1-C1CA11FD40A3} = {AA008A89-903D-4A90-AF36-2344AEF07386}
		{4052F96C-7988-44CB-A0CA-3979F44AF59E} = {1E99015F-5B5F-472C-B4D1-C1CA11FD40A3}
		{E51CD871-0B5A-4466-894F-E773B6B210C4} = {AA008A89-903D-4A90-AF36-2344AEF07386}
		{E033BEA9-3D4F-448F-8760-51B6D4D8C627} = {E51CD871-0B5A-4466-894F-E773B6B210C4}
		{673FFF48-E677-4D95-BE8F-826BACA72011} = {AA008A89-903D-4A90-AF36-2344AEF07386}
		{04C2FEBF-6D62-49E0-B966-438511DA37D7} = {673FFF48-E677-4D95-BE8F-826BACA72011}
		{7898A7E7-F947-4C7C-9B57-5C28BC9FA56D} = {AA008A89-903D-4A90-AF36-2344AEF07386}
		{FD547404-C7B5-4A79-A658-589264810E41} = {7898A7E7-F947-4C7C-9B57-5C28BC9FA56D}
		{0ABCF3B9-D33D-4676-BBB0-4A9611892165} = {AA008A89-903D-4A90-AF36-2344AEF07386}
		{7200A798-DCE3-4A0A-B685-93649C27129E} = {0ABCF3B9-D33D-4676-BBB0-4A9611892165}
	EndGlobalSection
	GlobalSection(ExtensibilityGlobals) = postSolution
		SolutionGuid = {1A1C9717-D342-4B62-B06D-ECCD73468606}
	EndGlobalSection
EndGlobal
